
Microsoft Visual Studio Solution File, Format Version 12.00
# Visual Studio Version 17
VisualStudioVersion = 17.9.34723.18
MinimumVisualStudioVersion = 10.0.40219.1
Project("{FAE04EC0-301F-11D3-BF4B-00C04F79EFBC}") = "parcial2-progra", "parcial2-progra\parcial2-progra.csproj", "{4A24B7EA-50B5-4A38-A246-597ACF96FE59}"
EndProject
Global
	GlobalSection(SolutionConfigurationPlatforms) = preSolution
		Debug|Any CPU = Debug|Any CPU
		Release|Any CPU = Release|Any CPU
	EndGlobalSection
	GlobalSection(ProjectConfigurationPlatforms) = postSolution
		{4A24B7EA-50B5-4A38-A246-597ACF96FE59}.Debug|Any CPU.ActiveCfg = Debug|Any CPU
		{4A24B7EA-50B5-4A38-A246-597ACF96FE59}.Debug|Any CPU.Build.0 = Debug|Any CPU
		{4A24B7EA-50B5-4A38-A246-597ACF96FE59}.Release|Any CPU.ActiveCfg = Release|Any CPU
		{4A24B7EA-50B5-4A38-A246-597ACF96FE59}.Release|Any CPU.Build.0 = Release|Any CPU
	EndGlobalSection
	GlobalSection(SolutionProperties) = preSolution
		HideSolutionNode = FALSE
	EndGlobalSection
	GlobalSection(ExtensibilityGlobals) = postSolution
		SolutionGuid = {1CA208C6-8306-4665-BB61-C851340FAD85}
	EndGlobalSection
EndGlobal
